# THIS IS AN AUTOGENERATED FILE. DO NOT EDIT THIS FILE DIRECTLY.
# yarn lockfile v1


"@types/knockout.mapping@^2.0.35":
  version "2.0.35"
  resolved "https://registry.yarnpkg.com/@types/knockout.mapping/-/knockout.mapping-2.0.35.tgz#a850d475bf960f4e0cb501c971d94091bf021ef1"
  integrity sha512-GP7AwHMdXYSrSgdGl1h2dFfTWtwis5uLOSqJ+28BBBRuzYVyb7wBbI/PtF2UQR8ck2Du2JVnpiKgWHDgqEhuyQ==
  dependencies:
    "@types/knockout" "*"

"@types/knockout.validation@0.0.37":
  version "0.0.37"
  resolved "https://registry.yarnpkg.com/@types/knockout.validation/-/knockout.validation-0.0.37.tgz#362fa8239f4b600c199492e527aa05b171e39cc4"
  integrity sha512-GfoBKVhOAT5S0AXU6O93qO/Q4g1oqcv1U2aHW/QSzdZSZlPvxKp1com4OOYwih4rjY59GoCWXh5MSZm6BVZSdg==
  dependencies:
    "@types/knockout" "*"

"@types/knockout@*":
  version "3.4.69"
  resolved "https://registry.yarnpkg.com/@types/knockout/-/knockout-3.4.69.tgz#f1d8a65cf082f08dc3b60c70bf358e95f2a5ec88"
  integrity sha512-XoLJogerYjpY0Ddpd8qJpkrDvCuY7H0jRh1zi5UF3SZlfRHVMARdXqLq0Zx0wyy8qrYsgkiPLMj1K0/zvYPJ+g==

"@types/node@12.12.6":
  version "12.12.6"
  resolved "https://registry.yarnpkg.com/@types/node/-/node-12.12.6.tgz#a47240c10d86a9a57bb0c633f0b2e0aea9ce9253"
  integrity sha512-FjsYUPzEJdGXjwKqSpE0/9QEh6kzhTAeObA54rn6j3rR4C/mzpI9L0KNfoeASSPMMdxIsoJuCLDWcM/rVjIsSA==

knockout.validation@^2.0.4:
  version "2.0.4"
  resolved "https://registry.yarnpkg.com/knockout.validation/-/knockout.validation-2.0.4.tgz#e87f82f41b5bdcb7029ea6be3fef2a903054558b"
  integrity sha512-64eDuEvALXf5GsRK5b2WIetF/eSIlTsw/ZDerrhKt+3eRBBk95SXdczTLhcoNL4Hi8Gym14YYIjj7vLCXEeHDA==

knockout@^3.5.1:
  version "3.5.1"
  resolved "https://registry.yarnpkg.com/knockout/-/knockout-3.5.1.tgz#62c81e81843bea2008fd23c575edd9ca978e75cf"
  integrity sha512-wRJ9I4az0QcsH7A4v4l0enUpkS++MBx0BnL/68KaLzJg7x1qmbjSlwEoCNol7KTYZ+pmtI7Eh2J0Nu6/2Z5J/Q==
